# THIS IS AN AUTOGENERATED FILE. DO NOT EDIT THIS FILE DIRECTLY.
# yarn lockfile v1


mobx@^6.13.7:
  version "6.13.7"
  resolved "https://registry.yarnpkg.com/mobx/-/mobx-6.13.7.tgz#70e5dda7a45da947f773b3cd3b065dfe7c8a75de"
  integrity sha512-aChaVU/DO5aRPmk1GX8L+whocagUUpBQqoPtJk+cm7UOXUk87J4PeWCh6nNmTTIfEhiR9DI/+FnA8dln/hTK7g==
